Microsoft Visual Studio Solution File, Format Version 12.00
# Visual Studio 15
VisualStudioVersion = 15.0.26730.16
MinimumVisualStudioVersion = 15.0.26124.0
Project("{2150E333-8FDC-42A3-9474-1A3956D46DE8}") = "src", "src", "{CDE83224-4D1C-44C0-8A56-47EC20123A56}"
EndProject
Project("{9A19103F-16F7-4668-BE54-9A1E7A4F7556}") = "utf16letoutf8", "src\utf16letoutf8\utf16letoutf8.csproj", "{729E340A-A45D-49F7-8398-8ED13A760E5F}"
EndProject
Project("{9A19103F-16F7-4668-BE54-9A1E7A4F7556}") = "utf16letoutf8.test", "src\utf16letoutf8.test\utf16letoutf8.test.csproj", "{4E5573AA-76C3-4237-8292-C264BE1444F2}"
EndProject
Project("{9A19103F-16F7-4668-BE54-9A1E7A4F7556}") = "utf16letoutf8.bench", "src\utf16letoutf8.bench\utf16letoutf8.bench.csproj", "{8E994BE9-DE10-4F79-8FF9-CFA66BCD2CBE}"
EndProject
Global
	GlobalSection(Performance) = preSolution
		HasPerformanceSessions = true
	EndGlobalSection
	GlobalSection(SolutionConfigurationPlatforms) = preSolution
		Debug|Any CPU = Debug|Any CPU
		Debug|x64 = Debug|x64
		Debug|x86 = Debug|x86
		Release|Any CPU = Release|Any CPU
		Release|x64 = Release|x64
		Release|x86 = Release|x86
	EndGlobalSection
	GlobalSection(ProjectConfigurationPlatforms) = postSolution
		{729E340A-A45D-49F7-8398-8ED13A760E5F}.Debug|Any CPU.ActiveCfg = Debug|Any CPU
		{729E340A-A45D-49F7-8398-8ED13A760E5F}.Debug|Any CPU.Build.0 = Debug|Any CPU
		{729E340A-A45D-49F7-8398-8ED13A760E5F}.Debug|x64.ActiveCfg = Debug|Any CPU
		{729E340A-A45D-49F7-8398-8ED13A760E5F}.Debug|x64.Build.0 = Debug|Any CPU
		{729E340A-A45D-49F7-8398-8ED13A760E5F}.Debug|x86.ActiveCfg = Debug|Any CPU
		{729E340A-A45D-49F7-8398-8ED13A760E5F}.Debug|x86.Build.0 = Debug|Any CPU
		{729E340A-A45D-49F7-8398-8ED13A760E5F}.Release|Any CPU.ActiveCfg = Release|Any CPU
		{729E340A-A45D-49F7-8398-8ED13A760E5F}.Release|Any CPU.Build.0 = Release|Any CPU
		{729E340A-A45D-49F7-8398-8ED13A760E5F}.Release|x64.ActiveCfg = Release|Any CPU
		{729E340A-A45D-49F7-8398-8ED13A760E5F}.Release|x64.Build.0 = Release|Any CPU
		{729E340A-A45D-49F7-8398-8ED13A760E5F}.Release|x86.ActiveCfg = Release|Any CPU
		{729E340A-A45D-49F7-8398-8ED13A760E5F}.Release|x86.Build.0 = Release|Any CPU
		{4E5573AA-76C3-4237-8292-C264BE1444F2}.Debug|Any CPU.ActiveCfg = Debug|Any CPU
		{4E5573AA-76C3-4237-8292-C264BE1444F2}.Debug|Any CPU.Build.0 = Debug|Any CPU
		{4E5573AA-76C3-4237-8292-C264BE1444F2}.Debug|x64.ActiveCfg = Debug|Any CPU
		{4E5573AA-76C3-4237-8292-C264BE1444F2}.Debug|x64.Build.0 = Debug|Any CPU
		{4E5573AA-76C3-4237-8292-C264BE1444F2}.Debug|x86.ActiveCfg = Debug|Any CPU
		{4E5573AA-76C3-4237-8292-C264BE1444F2}.Debug|x86.Build.0 = Debug|Any CPU
		{4E5573AA-76C3-4237-8292-C264BE1444F2}.Release|Any CPU.ActiveCfg = Release|Any CPU
		{4E5573AA-76C3-4237-8292-C264BE1444F2}.Release|Any CPU.Build.0 = Release|Any CPU
		{4E5573AA-76C3-4237-8292-C264BE1444F2}.Release|x64.ActiveCfg = Release|Any CPU
		{4E5573AA-76C3-4237-8292-C264BE1444F2}.Release|x64.Build.0 = Release|Any CPU
		{4E5573AA-76C3-4237-8292-C264BE1444F2}.Release|x86.ActiveCfg = Release|Any CPU
		{4E5573AA-76C3-4237-8292-C264BE1444F2}.Release|x86.Build.0 = Release|Any CPU
		{8E994BE9-DE10-4F79-8FF9-CFA66BCD2CBE}.Debug|Any CPU.ActiveCfg = Debug|Any CPU
		{8E994BE9-DE10-4F79-8FF9-CFA66BCD2CBE}.Debug|Any CPU.Build.0 = Debug|Any CPU
		{8E994BE9-DE10-4F79-8FF9-CFA66BCD2CBE}.Debug|x64.ActiveCfg = Debug|Any CPU
		{8E994BE9-DE10-4F79-8FF9-CFA66BCD2CBE}.Debug|x64.Build.0 = Debug|Any CPU
		{8E994BE9-DE10-4F79-8FF9-CFA66BCD2CBE}.Debug|x86.ActiveCfg = Debug|Any CPU
		{8E994BE9-DE10-4F79-8FF9-CFA66BCD2CBE}.Debug|x86.Build.0 = Debug|Any CPU
		{8E994BE9-DE10-4F79-8FF9-CFA66BCD2CBE}.Release|Any CPU.ActiveCfg = Release|Any CPU
		{8E994BE9-DE10-4F79-8FF9-CFA66BCD2CBE}.Release|Any CPU.Build.0 = Release|Any CPU
		{8E994BE9-DE10-4F79-8FF9-CFA66BCD2CBE}.Release|x64.ActiveCfg = Release|Any CPU
		{8E994BE9-DE10-4F79-8FF9-CFA66BCD2CBE}.Release|x64.Build.0 = Release|Any CPU
		{8E994BE9-DE10-4F79-8FF9-CFA66BCD2CBE}.Release|x86.ActiveCfg = Release|Any CPU
		{8E994BE9-DE10-4F79-8FF9-CFA66BCD2CBE}.Release|x86.Build.0 = Release|Any CPU
	EndGlobalSection
	GlobalSection(SolutionProperties) = preSolution
		HideSolutionNode = FALSE
	EndGlobalSection
	GlobalSection(NestedProjects) = preSolution
		{729E340A-A45D-49F7-8398-8ED13A760E5F} = {CDE83224-4D1C-44C0-8A56-47EC20123A56}
		{4E5573AA-76C3-4237-8292-C264BE1444F2} = {CDE83224-4D1C-44C0-8A56-47EC20123A56}
		{8E994BE9-DE10-4F79-8FF9-CFA66BCD2CBE} = {CDE83224-4D1C-44C0-8A56-47EC20123A56}
	EndGlobalSection
	GlobalSection(ExtensibilityGlobals) = postSolution
		SolutionGuid = {B7BC6AE2-656A-43FA-9FF2-CA2AAD14BA7B}
	EndGlobalSection
EndGlobal
